// !$*UTF8*$!
{
	archiveVersion = 1;
	classes = {
	};
	objectVersion = 46;
	objects = {

/* Begin PBXBuildFile section */
		5B6B81B91A6733FA005E86EB /* AppDelegate.swift in Sources */ = {isa = PBXBuildFile; fileRef = 5B6B81B81A6733FA005E86EB /* AppDelegate.swift */; };
		5B6B81BB1A6733FA005E86EB /* ViewController.swift in Sources */ = {isa = PBXBuildFile; fileRef = 5B6B81BA1A6733FA005E86EB /* ViewController.swift */; };
		5B6B81BE1A6733FA005E86EB /* Main.storyboard in Resources */ = {isa = PBXBuildFile; fileRef = 5B6B81BC1A6733FA005E86EB /* Main.storyboard */; };
		5B6B81C01A6733FA005E86EB /* Images.xcassets in Resources */ = {isa = PBXBuildFile; fileRef = 5B6B81BF1A6733FA005E86EB /* Images.xcassets */; };
		5B6B81C31A6733FA005E86EB /* LaunchScreen.xib in Resources */ = {isa = PBXBuildFile; fileRef = 5B6B81C11A6733FA005E86EB /* LaunchScreen.xib */; };
		5B6B81CF1A6733FA005E86EB /* Tutorial_JSON_AlamofireTests.swift in Sources */ = {isa = PBXBuildFile; fileRef = 5B6B81CE1A6733FA005E86EB /* Tutorial_JSON_AlamofireTests.swift */; };
/* End PBXBuildFile section */

/* Begin PBXContainerItemProxy section */
		5B6B81C91A6733FA005E86EB /* PBXContainerItemProxy */ = {
			isa = PBXContainerItemProxy;
			containerPortal = 5B6B81AB1A6733FA005E86EB /* Project object */;
			proxyType = 1;
			remoteGlobalIDString = 5B6B81B21A6733FA005E86EB;
			remoteInfo = "Tutorial-JSON-Alamofire";
		};
/* End PBXContainerItemProxy section */

/* Begin PBXFileReference section */
		5B6B81B31A6733FA005E86EB /* Tutorial-JSON-Alamofire.app */ = {isa = PBXFileReference; explicitFileType = wrapper.application; includeInIndex = 0; path = "Tutorial-JSON-Alamofire.app"; sourceTree = BUILT_PRODUCTS_DIR; };
		5B6B81B71A6733FA005E86EB /* Info.plist */ = {isa = PBXFileReference; lastKnownFileType = text.plist.xml; path = Info.plist; sourceTree = "<group>"; };
		5B6B81B81A6733FA005E86EB /* AppDelegate.swift */ = {isa = PBXFileReference; lastKnownFileType = sourcecode.swift; path = AppDelegate.swift; sourceTree = "<group>"; };
		5B6B81BA1A6733FA005E86EB /* ViewController.swift */ = {isa = PBXFileReference; lastKnownFileType = sourcecode.swift; path = ViewController.swift; sourceTree = "<group>"; };
		5B6B81BD1A6733FA005E86EB /* Base */ = {isa = PBXFileReference; lastKnownFileType = file.storyboard; name = Base; path = Base.lproj/Main.storyboard; sourceTree = "<group>"; };
		5B6B81BF1A6733FA005E86EB /* Images.xcassets */ = {isa = PBXFileReference; lastKnownFileType = folder.assetcatalog; path = Images.xcassets; sourceTree = "<group>"; };
		5B6B81C21A6733FA005E86EB /* Base */ = {isa = PBXFileReference; lastKnownFileType = file.xib; name = Base; path = Base.lproj/LaunchScreen.xib; sourceTree = "<group>"; };
		5B6B81C81A6733FA005E86EB /* Tutorial-JSON-AlamofireTests.xctest */ = {isa = PBXFileReference; explicitFileType = wrapper.cfbundle; includeInIndex = 0; path = "Tutorial-JSON-AlamofireTests.xctest"; sourceTree = BUILT_PRODUCTS_DIR; };
		5B6B81CD1A6733FA005E86EB /* Info.plist */ = {isa = PBXFileReference; lastKnownFileType = text.plist.xml; path = Info.plist; sourceTree = "<group>"; };
		5B6B81CE1A6733FA005E86EB /* Tutorial_JSON_AlamofireTests.swift */ = {isa = PBXFileReference; lastKnownFileType = sourcecode.swift; path = Tutorial_JSON_AlamofireTests.swift; sourceTree = "<group>"; };
/* End PBXFileReference section */

/* Begin PBXFrameworksBuildPhase section */
		5B6B81B01A6733FA005E86EB /* Frameworks */ = {
			isa = PBXFrameworksBuildPhase;
			buildActionMask = 2147483647;
			files = (
			);
			runOnlyForDeploymentPostprocessing = 0;
		};
		5B6B81C51A6733FA005E86EB /* Frameworks */ = {
			isa = PBXFrameworksBuildPhase;
			buildActionMask = 2147483647;
			files = (
			);
			runOnlyForDeploymentPostprocessing = 0;
		};
/* End PBXFrameworksBuildPhase section */

/* Begin PBXGroup section */
		5B6B81AA1A6733FA005E86EB = {
			isa = PBXGroup;
			children = (
				5B6B81B51A6733FA005E86EB /* Tutorial-JSON-Alamofire */,
				5B6B81CB1A6733FA005E86EB /* Tutorial-JSON-AlamofireTests */,
				5B6B81B41A6733FA005E86EB /* Products */,
			);
			sourceTree = "<group>";
		};
		5B6B81B41A6733FA005E86EB /* Products */ = {
			isa = PBXGroup;
			children = (
				5B6B81B31A6733FA005E86EB /* Tutorial-JSON-Alamofire.app */,
				5B6B81C81A6733FA005E86EB /* Tutorial-JSON-AlamofireTests.xctest */,
			);
			name = Products;
			sourceTree = "<group>";
		};
		5B6B81B51A6733FA005E86EB /* Tutorial-JSON-Alamofire */ = {
			isa = PBXGroup;
			children = (
				5B6B81B81A6733FA005E86EB /* AppDelegate.swift */,
				5B6B81BA1A6733FA005E86EB /* ViewController.swift */,
				5B6B81BC1A6733FA005E86EB /* Main.storyboard */,
				5B6B81BF1A6733FA005E86EB /* Images.xcassets */,
				5B6B81C11A6733FA005E86EB /* LaunchScreen.xib */,
				5B6B81B61A6733FA005E86EB /* Supporting Files */,
			);
			path = "Tutorial-JSON-Alamofire";
			sourceTree = "<group>";
		};
		5B6B81B61A6733FA005E86EB /* Supporting Files */ = {
			isa = PBXGroup;
			children = (
				5B6B81B71A6733FA005E86EB /* Info.plist */,
			);
			name = "Supporting Files";
			sourceTree = "<group>";
		};
		5B6B81CB1A6733FA005E86EB /* Tutorial-JSON-AlamofireTests */ = {
			isa = PBXGroup;
			children = (
				5B6B81CE1A6733FA005E86EB /* Tutorial_JSON_AlamofireTests.swift */,
				5B6B81CC1A6733FA005E86EB /* Supporting Files */,
			);
			path = "Tutorial-JSON-AlamofireTests";
			sourceTree = "<group>";
		};
		5B6B81CC1A6733FA005E86EB /* Supporting Files */ = {
			isa = PBXGroup;
			children = (
				5B6B81CD1A6733FA005E86EB /* Info.plist */,
			);
			name = "Supporting Files";
			sourceTree = "<group>";
		};
/* End PBXGroup section */

/* Begin PBXNativeTarget section */
		5B6B81B21A6733FA005E86EB /* Tutorial-JSON-Alamofire */ = {
			isa = PBXNativeTarget;
			buildConfigurationList = 5B6B81D21A6733FA005E86EB /* Build configuration list for PBXNativeTarget "Tutorial-JSON-Alamofire" */;
			buildPhases = (
				5B6B81AF1A6733FA005E86EB /* Sources */,
				5B6B81B01A6733FA005E86EB /* Frameworks */,
				5B6B81B11A6733FA005E86EB /* Resources */,
			);
			buildRules = (
			);
			dependencies = (
			);
			name = "Tutorial-JSON-Alamofire";
			productName = "Tutorial-JSON-Alamofire";
			productReference = 5B6B81B31A6733FA005E86EB /* Tutorial-JSON-Alamofire.app */;
			productType = "com.apple.product-type.application";
		};
		5B6B81C71A6733FA005E86EB /* Tutorial-JSON-AlamofireTests */ = {
			isa = PBXNativeTarget;
			buildConfigurationList = 5B6B81D51A6733FA005E86EB /* Build configuration list for PBXNativeTarget "Tutorial-JSON-AlamofireTests" */;
			buildPhases = (
				5B6B81C41A6733FA005E86EB /* Sources */,
				5B6B81C51A6733FA005E86EB /* Frameworks */,
				5B6B81C61A6733FA005E86EB /* Resources */,
			);
			buildRules = (
			);
			dependencies = (
				5B6B81CA1A6733FA005E86EB /* PBXTargetDependency */,
			);
			name = "Tutorial-JSON-AlamofireTests";
			productName = "Tutorial-JSON-AlamofireTests";
			productReference = 5B6B81C81A6733FA005E86EB /* Tutorial-JSON-AlamofireTests.xctest */;
			productType = "com.apple.product-type.bundle.unit-test";
		};
/* End PBXNativeTarget section */

/* Begin PBXProject section */
		5B6B81AB1A6733FA005E86EB /* Project object */ = {
			isa = PBXProject;
			attributes = {
				LastUpgradeCheck = 0610;
				ORGANIZATIONNAME = "Programadores-iOS.net";
				TargetAttributes = {
					5B6B81B21A6733FA005E86EB = {
						CreatedOnToolsVersion = 6.1.1;
					};
					5B6B81C71A6733FA005E86EB = {
						CreatedOnToolsVersion = 6.1.1;
						TestTargetID = 5B6B81B21A6733FA005E86EB;
					};
				};
			};
			buildConfigurationList = 5B6B81AE1A6733FA005E86EB /* Build configuration list for PBXProject "Tutorial-JSON-Alamofire" */;
			compatibilityVersion = "Xcode 3.2";
			developmentRegion = English;
			hasScannedForEncodings = 0;
			knownRegions = (
				en,
				Base,
			);
			mainGroup = 5B6B81AA1A6733FA005E86EB;
			productRefGroup = 5B6B81B41A6733FA005E86EB /* Products */;
			projectDirPath = "";
			projectRoot = "";
			targets = (
				5B6B81B21A6733FA005E86EB /* Tutorial-JSON-Alamofire */,
				5B6B81C71A6733FA005E86EB /* Tutorial-JSON-AlamofireTests */,
			);
		};
/* End PBXProject section */

/* Begin PBXResourcesBuildPhase section */
		5B6B81B11A6733FA005E86EB /* Resources */ = {
			isa = PBXResourcesBuildPhase;
			buildActionMask = 2147483647;
			files = (
				5B6B81BE1A6733FA005E86EB /* Main.storyboard in Resources */,
				5B6B81C31A6733FA005E86EB /* LaunchScreen.xib in Resources */,
				5B6B81C01A6733FA005E86EB /* Images.xcassets in Resources */,
			);
			runOnlyForDeploymentPostprocessing = 0;
		};
		5B6B81C61A6733FA005E86EB /* Resources */ = {
			isa = PBXResourcesBuildPhase;
			buildActionMask = 2147483647;
			files = (
			);
			runOnlyForDeploymentPostprocessing = 0;
		};
/* End PBXResourcesBuildPhase section */

/* Begin PBXSourcesBuildPhase section */
		5B6B81AF1A6733FA005E86EB /* Sources */ = {
			isa = PBXSourcesBuildPhase;
			buildActionMask = 2147483647;
			files = (
				5B6B81BB1A6733FA005E86EB /* ViewController.swift in Sources */,
				5B6B81B91A6733FA005E86EB /* AppDelegate.swift in Sources */,
			);
			runOnlyForDeploymentPostprocessing = 0;
		};
		5B6B81C41A6733FA005E86EB /* Sources */ = {
			isa = PBXSourcesBuildPhase;
			buildActionMask = 2147483647;
			files = (
				5B6B81CF1A6733FA005E86EB /* Tutorial_JSON_AlamofireTests.swift in Sources */,
			);
			runOnlyForDeploymentPostprocessing = 0;
		};
/* End PBXSourcesBuildPhase section */

/* Begin PBXTargetDependency section */
		5B6B81CA1A6733FA005E86EB /* PBXTargetDependency */ = {
			isa = PBXTargetDependency;
			target = 5B6B81B21A6733FA005E86EB /* Tutorial-JSON-Alamofire */;
			targetProxy = 5B6B81C91A6733FA005E86EB /* PBXContainerItemProxy */;
		};
/* End PBXTargetDependency section */

/* Begin PBXVariantGroup section */
		5B6B81BC1A6733FA005E86EB /* Main.storyboard */ = {
			isa = PBXVariantGroup;
			children = (
				5B6B81BD1A6733FA005E86EB /* Base */,
			);
			name = Main.storyboard;
			sourceTree = "<group>";
		};
		5B6B81C11A6733FA005E86EB /* LaunchScreen.xib */ = {
			isa = PBXVariantGroup;
			children = (
				5B6B81C21A6733FA005E86EB /* Base */,
			);
			name = LaunchScreen.xib;
			sourceTree = "<group>";
		};
/* End PBXVariantGroup section */

/* Begin XCBuildConfiguration section */
		5B6B81D01A6733FA005E86EB /* Debug */ = {
			isa = XCBuildConfiguration;
			buildSettings = {
				ALWAYS_SEARCH_USER_PATHS = NO;
				CLANG_CXX_LANGUAGE_STANDARD = "gnu++0x";
				CLANG_CXX_LIBRARY = "libc++";
				CLANG_ENABLE_MODULES = YES;
				CLANG_ENABLE_OBJC_ARC = YES;
				CLANG_WARN_BOOL_CONVERSION = YES;
				CLANG_WARN_CONSTANT_CONVERSION = YES;
				CLANG_WARN_DIRECT_OBJC_ISA_USAGE = YES_ERROR;
				CLANG_WARN_EMPTY_BODY = YES;
				CLANG_WARN_ENUM_CONVERSION = YES;
				CLANG_WARN_INT_CONVERSION = YES;
				CLANG_WARN_OBJC_ROOT_CLASS = YES_ERROR;
				CLANG_WARN_UNREACHABLE_CODE = YES;
				CLANG_WARN__DUPLICATE_METHOD_MATCH = YES;
				"CODE_SIGN_IDENTITY[sdk=iphoneos*]" = "iPhone Developer";
				COPY_PHASE_STRIP = NO;
				ENABLE_STRICT_OBJC_MSGSEND = YES;
				GCC_C_LANGUAGE_STANDARD = gnu99;
				GCC_DYNAMIC_NO_PIC = NO;
				GCC_OPTIMIZATION_LEVEL = 0;
				GCC_PREPROCESSOR_DEFINITIONS = (
					"DEBUG=1",
					"$(inherited)",
				);
				GCC_SYMBOLS_PRIVATE_EXTERN = NO;
				GCC_WARN_64_TO_32_BIT_CONVERSION = YES;
				GCC_WARN_ABOUT_RETURN_TYPE = YES_ERROR;
				GCC_WARN_UNDECLARED_SELECTOR = YES;
				GCC_WARN_UNINITIALIZED_AUTOS = YES_AGGRESSIVE;
				GCC_WARN_UNUSED_FUNCTION = YES;
				GCC_WARN_UNUSED_VARIABLE = YES;
				IPHONEOS_DEPLOYMENT_TARGET = 8.1;
				MTL_ENABLE_DEBUG_INFO = YES;
				ONLY_ACTIVE_ARCH = YES;
				SDKROOT = iphoneos;
				SWIFT_OPTIMIZATION_LEVEL = "-Onone";
			};
			name = Debug;
		};
		5B6B81D11A6733FA005E86EB /* Release */ = {
			isa = XCBuildConfiguration;
			buildSettings = {
				ALWAYS_SEARCH_USER_PATHS = NO;
				CLANG_CXX_LANGUAGE_STANDARD = "gnu++0x";
				CLANG_CXX_LIBRARY = "libc++";
				CLANG_ENABLE_MODULES = YES;
				CLANG_ENABLE_OBJC_ARC = YES;
				CLANG_WARN_BOOL_CONVERSION = YES;
				CLANG_WARN_CONSTANT_CONVERSION = YES;
				CLANG_WARN_DIRECT_OBJC_ISA_USAGE = YES_ERROR;
				CLANG_WARN_EMPTY_BODY = YES;
				CLANG_WARN_ENUM_CONVERSION = YES;
				CLANG_WARN_INT_CONVERSION = YES;
				CLANG_WARN_OBJC_ROOT_CLASS = YES_ERROR;
				CLANG_WARN_UNREACHABLE_CODE = YES;
				CLANG_WARN__DUPLICATE_METHOD_MATCH = YES;
				"CODE_SIGN_IDENTITY[sdk=iphoneos*]" = "iPhone Developer";
				COPY_PHASE_STRIP = YES;
				ENABLE_NS_ASSERTIONS = NO;
				ENABLE_STRICT_OBJC_MSGSEND = YES;
				GCC_C_LANGUAGE_STANDARD = gnu99;
				GCC_WARN_64_TO_32_BIT_CONVERSION = YES;
				GCC_WARN_ABOUT_RETURN_TYPE = YES_ERROR;
				GCC_WARN_UNDECLARED_SELECTOR = YES;
				GCC_WARN_UNINITIALIZED_AUTOS = YES_AGGRESSIVE;
				GCC_WARN_UNUSED_FUNCTION = YES;
				GCC_WARN_UNUSED_VARIABLE = YES;
				IPHONEOS_DEPLOYMENT_TARGET = 8.1;
				MTL_ENABLE_DEBUG_INFO = NO;
				SDKROOT = iphoneos;
				VALIDATE_PRODUCT = YES;
			};
			name = Release;
		};
		5B6B81D31A6733FA005E86EB /* Debug */ = {
			isa = XCBuildConfiguration;
			buildSettings = {
				ASSETCATALOG_COMPILER_APPICON_NAME = AppIcon;
				INFOPLIST_FILE = "Tutorial-JSON-Alamofire/Info.plist";
				LD_RUNPATH_SEARCH_PATHS = "$(inherited) @executable_path/Frameworks";
				PRODUCT_NAME = "$(TARGET_NAME)";
			};
			name = Debug;
		};
		5B6B81D41A6733FA005E86EB /* Release */ = {
			isa = XCBuildConfiguration;
			buildSettings = {
				ASSETCATALOG_COMPILER_APPICON_NAME = AppIcon;
				INFOPLIST_FILE = "Tutorial-JSON-Alamofire/Info.plist";
				LD_RUNPATH_SEARCH_PATHS = "$(inherited) @executable_path/Frameworks";
				PRODUCT_NAME = "$(TARGET_NAME)";
			};
			name = Release;
		};
		5B6B81D61A6733FA005E86EB /* Debug */ = {
			isa = XCBuildConfiguration;
			buildSettings = {
				BUNDLE_LOADER = "$(TEST_HOST)";
				FRAMEWORK_SEARCH_PATHS = (
					"$(SDKROOT)/Developer/Library/Frameworks",
					"$(inherited)",
				);
				GCC_PREPROCESSOR_DEFINITIONS = (
					"DEBUG=1",
					"$(inherited)",
				);
				INFOPLIST_FILE = "Tutorial-JSON-AlamofireTests/Info.plist";
				LD_RUNPATH_SEARCH_PATHS = "$(inherited) @executable_path/Frameworks @loader_path/Frameworks";
				PRODUCT_NAME = "$(TARGET_NAME)";
				TEST_HOST = "$(BUILT_PRODUCTS_DIR)/Tutorial-JSON-Alamofire.app/Tutorial-JSON-Alamofire";
			};
			name = Debug;
		};
		5B6B81D71A6733FA005E86EB /* Release */ = {
			isa = XCBuildConfiguration;
			buildSettings = {
				BUNDLE_LOADER = "$(TEST_HOST)";
				FRAMEWORK_SEARCH_PATHS = (
					"$(SDKROOT)/Developer/Library/Frameworks",
					"$(inherited)",
				);
				INFOPLIST_FILE = "Tutorial-JSON-AlamofireTests/Info.plist";
				LD_RUNPATH_SEARCH_PATHS = "$(inherited) @executable_path/Frameworks @loader_path/Frameworks";
				PRODUCT_NAME = "$(TARGET_NAME)";
				TEST_HOST = "$(BUILT_PRODUCTS_DIR)/Tutorial-JSON-Alamofire.app/Tutorial-JSON-Alamofire";
			};
			name = Release;
		};
/* End XCBuildConfiguration section */

/* Begin XCConfigurationList section */
		5B6B81AE1A6733FA005E86EB /* Build configuration list for PBXProject "Tutorial-JSON-Alamofire" */ = {
			isa = XCConfigurationList;
			buildConfigurations = (
				5B6B81D01A6733FA005E86EB /* Debug */,
				5B6B81D11A6733FA005E86EB /* Release */,
			);
			defaultConfigurationIsVisible = 0;
			defaultConfigurationName = Release;
		};
		5B6B81D21A6733FA005E86EB /* Build configuration list for PBXNativeTarget "Tutorial-JSON-Alamofire" */ = {
			isa = XCConfigurationList;
			buildConfigurations = (
				5B6B81D31A6733FA005E86EB /* Debug */,
				5B6B81D41A6733FA005E86EB /* Release */,
			);
			defaultConfigurationIsVisible = 0;
		};
		5B6B81D51A6733FA005E86EB /* Build configuration list for PBXNativeTarget "Tutorial-JSON-AlamofireTests" */ = {
			isa = XCConfigurationList;
			buildConfigurations = (
				5B6B81D61A6733FA005E86EB /* Debug */,
				5B6B81D71A6733FA005E86EB /* Release */,
			);
			defaultConfigurationIsVisible = 0;
		};
/* End XCConfigurationList section */
	};
	rootObject = 5B6B81AB1A6733FA005E86EB /* Project object */;
}
